
Microsoft Visual Studio Solution File, Format Version 12.00
# Visual Studio 15
VisualStudioVersion = 15.0.27703.2000
MinimumVisualStudioVersion = 10.0.40219.1
Project("{FAE04EC0-301F-11D3-BF4B-00C04F79EFBC}") = "LinkedListProject", "LinkedList\LinkedListProject.csproj", "{CFCDB340-419C-47D4-A2CF-033B5665D61D}"
EndProject
Global
	GlobalSection(SolutionConfigurationPlatforms) = preSolution
		Debug|Any CPU = Debug|Any CPU
		Release|Any CPU = Release|Any CPU
	EndGlobalSection
	GlobalSection(ProjectConfigurationPlatforms) = postSolution
		{CFCDB340-419C-47D4-A2CF-033B5665D61D}.Debug|Any CPU.ActiveCfg = Debug|Any CPU
		{CFCDB340-419C-47D4-A2CF-033B5665D61D}.Debug|Any CPU.Build.0 = Debug|Any CPU
		{CFCDB340-419C-47D4-A2CF-033B5665D61D}.Release|Any CPU.ActiveCfg = Release|Any CPU
		{CFCDB340-419C-47D4-A2CF-033B5665D61D}.Release|Any CPU.Build.0 = Release|Any CPU
	EndGlobalSection
	GlobalSection(SolutionProperties) = preSolution
		HideSolutionNode = FALSE
	EndGlobalSection
	GlobalSection(ExtensibilityGlobals) = postSolution
		SolutionGuid = {86F7E1C3-2DCA-459C-8361-B945CE677290}
	EndGlobalSection
EndGlobal
